// !$*UTF8*$!
{
	archiveVersion = 1;
	classes = {
	};
	objectVersion = 46;
	objects = {

/* Begin PBXBuildFile section */
		11DEA6F91EAB736A00F2106A /* AppDelegate.swift in Sources */ = {isa = PBXBuildFile; fileRef = 11DEA6F81EAB736A00F2106A /* AppDelegate.swift */; };
		11DEA6FB1EAB736A00F2106A /* ViewController.swift in Sources */ = {isa = PBXBuildFile; fileRef = 11DEA6FA1EAB736A00F2106A /* ViewController.swift */; };
		11DEA6FE1EAB736A00F2106A /* Main.storyboard in Resources */ = {isa = PBXBuildFile; fileRef = 11DEA6FC1EAB736A00F2106A /* Main.storyboard */; };
		11DEA7001EAB736A00F2106A /* Assets.xcassets in Resources */ = {isa = PBXBuildFile; fileRef = 11DEA6FF1EAB736A00F2106A /* Assets.xcassets */; };
		11DEA7031EAB736A00F2106A /* LaunchScreen.storyboard in Resources */ = {isa = PBXBuildFile; fileRef = 11DEA7011EAB736A00F2106A /* LaunchScreen.storyboard */; };
/* End PBXBuildFile section */

/* Begin PBXFileReference section */
		11DEA6F51EAB736A00F2106A /* Copenhacks2017.app */ = {isa = PBXFileReference; explicitFileType = wrapper.application; includeInIndex = 0; path = Copenhacks2017.app; sourceTree = BUILT_PRODUCTS_DIR; };
		11DEA6F81EAB736A00F2106A /* AppDelegate.swift */ = {isa = PBXFileReference; lastKnownFileType = sourcecode.swift; path = AppDelegate.swift; sourceTree = "<group>"; };
		11DEA6FA1EAB736A00F2106A /* ViewController.swift */ = {isa = PBXFileReference; lastKnownFileType = sourcecode.swift; path = ViewController.swift; sourceTree = "<group>"; };
		11DEA6FD1EAB736A00F2106A /* Base */ = {isa = PBXFileReference; lastKnownFileType = file.storyboard; name = Base; path = Base.lproj/Main.storyboard; sourceTree = "<group>"; };
		11DEA6FF1EAB736A00F2106A /* Assets.xcassets */ = {isa = PBXFileReference; lastKnownFileType = folder.assetcatalog; path = Assets.xcassets; sourceTree = "<group>"; };
		11DEA7021EAB736A00F2106A /* Base */ = {isa = PBXFileReference; lastKnownFileType = file.storyboard; name = Base; path = Base.lproj/LaunchScreen.storyboard; sourceTree = "<group>"; };
		11DEA7041EAB736A00F2106A /* Info.plist */ = {isa = PBXFileReference; lastKnownFileType = text.plist.xml; path = Info.plist; sourceTree = "<group>"; };
/* End PBXFileReference section */

/* Begin PBXFrameworksBuildPhase section */
		11DEA6F21EAB736A00F2106A /* Frameworks */ = {
			isa = PBXFrameworksBuildPhase;
			buildActionMask = 2147483647;
			files = (
			);
			runOnlyForDeploymentPostprocessing = 0;
		};
/* End PBXFrameworksBuildPhase section */

/* Begin PBXGroup section */
		11DEA6EC1EAB736A00F2106A = {
			isa = PBXGroup;
			children = (
				11DEA6F71EAB736A00F2106A /* Copenhacks2017 */,
				11DEA6F61EAB736A00F2106A /* Products */,
			);
			sourceTree = "<group>";
		};
		11DEA6F61EAB736A00F2106A /* Products */ = {
			isa = PBXGroup;
			children = (
				11DEA6F51EAB736A00F2106A /* Copenhacks2017.app */,
			);
			name = Products;
			sourceTree = "<group>";
		};
		11DEA6F71EAB736A00F2106A /* Copenhacks2017 */ = {
			isa = PBXGroup;
			children = (
				11DEA6F81EAB736A00F2106A /* AppDelegate.swift */,
				11DEA6FA1EAB736A00F2106A /* ViewController.swift */,
				11DEA6FC1EAB736A00F2106A /* Main.storyboard */,
				11DEA6FF1EAB736A00F2106A /* Assets.xcassets */,
				11DEA7011EAB736A00F2106A /* LaunchScreen.storyboard */,
				11DEA7041EAB736A00F2106A /* Info.plist */,
			);
			path = Copenhacks2017;
			sourceTree = "<group>";
		};
/* End PBXGroup section */

/* Begin PBXNativeTarget section */
		11DEA6F41EAB736A00F2106A /* Copenhacks2017 */ = {
			isa = PBXNativeTarget;
			buildConfigurationList = 11DEA7071EAB736A00F2106A /* Build configuration list for PBXNativeTarget "Copenhacks2017" */;
			buildPhases = (
				11DEA6F11EAB736A00F2106A /* Sources */,
				11DEA6F21EAB736A00F2106A /* Frameworks */,
				11DEA6F31EAB736A00F2106A /* Resources */,
			);
			buildRules = (
			);
			dependencies = (
			);
			name = Copenhacks2017;
			productName = Copenhacks2017;
			productReference = 11DEA6F51EAB736A00F2106A /* Copenhacks2017.app */;
			productType = "com.apple.product-type.application";
		};
/* End PBXNativeTarget section */

/* Begin PBXProject section */
		11DEA6ED1EAB736A00F2106A /* Project object */ = {
			isa = PBXProject;
			attributes = {
				LastSwiftUpdateCheck = 0830;
				LastUpgradeCheck = 0830;
				ORGANIZATIONNAME = "Alexander Danilyak";
				TargetAttributes = {
					11DEA6F41EAB736A00F2106A = {
						CreatedOnToolsVersion = 8.3.1;
						DevelopmentTeam = XBBK9UCLZS;
						ProvisioningStyle = Automatic;
					};
				};
			};
			buildConfigurationList = 11DEA6F01EAB736A00F2106A /* Build configuration list for PBXProject "Copenhacks2017" */;
			compatibilityVersion = "Xcode 3.2";
			developmentRegion = English;
			hasScannedForEncodings = 0;
			knownRegions = (
				en,
				Base,
			);
			mainGroup = 11DEA6EC1EAB736A00F2106A;
			productRefGroup = 11DEA6F61EAB736A00F2106A /* Products */;
			projectDirPath = "";
			projectRoot = "";
			targets = (
				11DEA6F41EAB736A00F2106A /* Copenhacks2017 */,
			);
		};
/* End PBXProject section */

/* Begin PBXResourcesBuildPhase section */
		11DEA6F31EAB736A00F2106A /* Resources */ = {
			isa = PBXResourcesBuildPhase;
			buildActionMask = 2147483647;
			files = (
				11DEA7031EAB736A00F2106A /* LaunchScreen.storyboard in Resources */,
				11DEA7001EAB736A00F2106A /* Assets.xcassets in Resources */,
				11DEA6FE1EAB736A00F2106A /* Main.storyboard in Resources */,
			);
			runOnlyForDeploymentPostprocessing = 0;
		};
/* End PBXResourcesBuildPhase section */

/* Begin PBXSourcesBuildPhase section */
		11DEA6F11EAB736A00F2106A /* Sources */ = {
			isa = PBXSourcesBuildPhase;
			buildActionMask = 2147483647;
			files = (
				11DEA6FB1EAB736A00F2106A /* ViewController.swift in Sources */,
				11DEA6F91EAB736A00F2106A /* AppDelegate.swift in Sources */,
			);
			runOnlyForDeploymentPostprocessing = 0;
		};
/* End PBXSourcesBuildPhase section */

/* Begin PBXVariantGroup section */
		11DEA6FC1EAB736A00F2106A /* Main.storyboard */ = {
			isa = PBXVariantGroup;
			children = (
				11DEA6FD1EAB736A00F2106A /* Base */,
			);
			name = Main.storyboard;
			sourceTree = "<group>";
		};
		11DEA7011EAB736A00F2106A /* LaunchScreen.storyboard */ = {
			isa = PBXVariantGroup;
			children = (
				11DEA7021EAB736A00F2106A /* Base */,
			);
			name = LaunchScreen.storyboard;
			sourceTree = "<group>";
		};
/* End PBXVariantGroup section */

/* Begin XCBuildConfiguration section */
		11DEA7051EAB736A00F2106A /* Debug */ = {
			isa = XCBuildConfiguration;
			buildSettings = {
				ALWAYS_SEARCH_USER_PATHS = NO;
				CLANG_ANALYZER_NONNULL = YES;
				CLANG_ANALYZER_NUMBER_OBJECT_CONVERSION = YES_AGGRESSIVE;
				CLANG_CXX_LANGUAGE_STANDARD = "gnu++0x";
				CLANG_CXX_LIBRARY = "libc++";
				CLANG_ENABLE_MODULES = YES;
				CLANG_ENABLE_OBJC_ARC = YES;
				CLANG_WARN_BOOL_CONVERSION = YES;
				CLANG_WARN_CONSTANT_CONVERSION = YES;
				CLANG_WARN_DIRECT_OBJC_ISA_USAGE = YES_ERROR;
				CLANG_WARN_DOCUMENTATION_COMMENTS = YES;
				CLANG_WARN_EMPTY_BODY = YES;
				CLANG_WARN_ENUM_CONVERSION = YES;
				CLANG_WARN_INFINITE_RECURSION = YES;
				CLANG_WARN_INT_CONVERSION = YES;
				CLANG_WARN_OBJC_ROOT_CLASS = YES_ERROR;
				CLANG_WARN_SUSPICIOUS_MOVE = YES;
				CLANG_WARN_UNREACHABLE_CODE = YES;
				CLANG_WARN__DUPLICATE_METHOD_MATCH = YES;
				"CODE_SIGN_IDENTITY[sdk=iphoneos*]" = "iPhone Developer";
				COPY_PHASE_STRIP = NO;
				DEBUG_INFORMATION_FORMAT = dwarf;
				ENABLE_STRICT_OBJC_MSGSEND = YES;
				ENABLE_TESTABILITY = YES;
				GCC_C_LANGUAGE_STANDARD = gnu99;
				GCC_DYNAMIC_NO_PIC = NO;
				GCC_NO_COMMON_BLOCKS = YES;
				GCC_OPTIMIZATION_LEVEL = 0;
				GCC_PREPROCESSOR_DEFINITIONS = (
					"DEBUG=1",
					"$(inherited)",
				);
				GCC_WARN_64_TO_32_BIT_CONVERSION = YES;
				GCC_WARN_ABOUT_RETURN_TYPE = YES_ERROR;
				GCC_WARN_UNDECLARED_SELECTOR = YES;
				GCC_WARN_UNINITIALIZED_AUTOS = YES_AGGRESSIVE;
				GCC_WARN_UNUSED_FUNCTION = YES;
				GCC_WARN_UNUSED_VARIABLE = YES;
				IPHONEOS_DEPLOYMENT_TARGET = 10.3;
				MTL_ENABLE_DEBUG_INFO = YES;
				ONLY_ACTIVE_ARCH = YES;
				SDKROOT = iphoneos;
				SWIFT_ACTIVE_COMPILATION_CONDITIONS = DEBUG;
				SWIFT_OPTIMIZATION_LEVEL = "-Onone";
			};
			name = Debug;
		};
		11DEA7061EAB736A00F2106A /* Release */ = {
			isa = XCBuildConfiguration;
			buildSettings = {
				ALWAYS_SEARCH_USER_PATHS = NO;
				CLANG_ANALYZER_NONNULL = YES;
				CLANG_ANALYZER_NUMBER_OBJECT_CONVERSION = YES_AGGRESSIVE;
				CLANG_CXX_LANGUAGE_STANDARD = "gnu++0x";
				CLANG_CXX_LIBRARY = "libc++";
				CLANG_ENABLE_MODULES = YES;
				CLANG_ENABLE_OBJC_ARC = YES;
				CLANG_WARN_BOOL_CONVERSION = YES;
				CLANG_WARN_CONSTANT_CONVERSION = YES;
				CLANG_WARN_DIRECT_OBJC_ISA_USAGE = YES_ERROR;
				CLANG_WARN_DOCUMENTATION_COMMENTS = YES;
				CLANG_WARN_EMPTY_BODY = YES;
				CLANG_WARN_ENUM_CONVERSION = YES;
				CLANG_WARN_INFINITE_RECURSION = YES;
				CLANG_WARN_INT_CONVERSION = YES;
				CLANG_WARN_OBJC_ROOT_CLASS = YES_ERROR;
				CLANG_WARN_SUSPICIOUS_MOVE = YES;
				CLANG_WARN_UNREACHABLE_CODE = YES;
				CLANG_WARN__DUPLICATE_METHOD_MATCH = YES;
				"CODE_SIGN_IDENTITY[sdk=iphoneos*]" = "iPhone Developer";
				COPY_PHASE_STRIP = NO;
				DEBUG_INFORMATION_FORMAT = "dwarf-with-dsym";
				ENABLE_NS_ASSERTIONS = NO;
				ENABLE_STRICT_OBJC_MSGSEND = YES;
				GCC_C_LANGUAGE_STANDARD = gnu99;
				GCC_NO_COMMON_BLOCKS = YES;
				GCC_WARN_64_TO_32_BIT_CONVERSION = YES;
				GCC_WARN_ABOUT_RETURN_TYPE = YES_ERROR;
				GCC_WARN_UNDECLARED_SELECTOR = YES;
				GCC_WARN_UNINITIALIZED_AUTOS = YES_AGGRESSIVE;
				GCC_WARN_UNUSED_FUNCTION = YES;
				GCC_WARN_UNUSED_VARIABLE = YES;
				IPHONEOS_DEPLOYMENT_TARGET = 10.3;
				MTL_ENABLE_DEBUG_INFO = NO;
				SDKROOT = iphoneos;
				SWIFT_OPTIMIZATION_LEVEL = "-Owholemodule";
				VALIDATE_PRODUCT = YES;
			};
			name = Release;
		};
		11DEA7081EAB736A00F2106A /* Debug */ = {
			isa = XCBuildConfiguration;
			buildSettings = {
				ASSETCATALOG_COMPILER_APPICON_NAME = AppIcon;
				DEVELOPMENT_TEAM = XBBK9UCLZS;
				INFOPLIST_FILE = Copenhacks2017/Info.plist;
				LD_RUNPATH_SEARCH_PATHS = "$(inherited) @executable_path/Frameworks";
				PRODUCT_BUNDLE_IDENTIFIER = com.adanilyak.Copenhacks2017;
				PRODUCT_NAME = "$(TARGET_NAME)";
				SWIFT_VERSION = 3.0;
			};
			name = Debug;
		};
		11DEA7091EAB736A00F2106A /* Release */ = {
			isa = XCBuildConfiguration;
			buildSettings = {
				ASSETCATALOG_COMPILER_APPICON_NAME = AppIcon;
				DEVELOPMENT_TEAM = XBBK9UCLZS;
				INFOPLIST_FILE = Copenhacks2017/Info.plist;
				LD_RUNPATH_SEARCH_PATHS = "$(inherited) @executable_path/Frameworks";
				PRODUCT_BUNDLE_IDENTIFIER = com.adanilyak.Copenhacks2017;
				PRODUCT_NAME = "$(TARGET_NAME)";
				SWIFT_VERSION = 3.0;
			};
			name = Release;
		};
/* End XCBuildConfiguration section */

/* Begin XCConfigurationList section */
		11DEA6F01EAB736A00F2106A /* Build configuration list for PBXProject "Copenhacks2017" */ = {
			isa = XCConfigurationList;
			buildConfigurations = (
				11DEA7051EAB736A00F2106A /* Debug */,
				11DEA7061EAB736A00F2106A /* Release */,
			);
			defaultConfigurationIsVisible = 0;
			defaultConfigurationName = Release;
		};
		11DEA7071EAB736A00F2106A /* Build configuration list for PBXNativeTarget "Copenhacks2017" */ = {
			isa = XCConfigurationList;
			buildConfigurations = (
				11DEA7081EAB736A00F2106A /* Debug */,
				11DEA7091EAB736A00F2106A /* Release */,
			);
			defaultConfigurationIsVisible = 0;
		};
/* End XCConfigurationList section */
	};
	rootObject = 11DEA6ED1EAB736A00F2106A /* Project object */;
}
